// !$*UTF8*$!
{
	archiveVersion = 1;
	classes = {
	};
	objectVersion = 46;
	objects = {

/* Begin PBXBuildFile section */
		46EEED881734FB0500CF0DA8 /* UIKit.framework in Frameworks */ = {isa = PBXBuildFile; fileRef = 46EEED871734FB0500CF0DA8 /* UIKit.framework */; };
		46EEED8A1734FB0500CF0DA8 /* Foundation.framework in Frameworks */ = {isa = PBXBuildFile; fileRef = 46EEED891734FB0500CF0DA8 /* Foundation.framework */; };
		46EEED8C1734FB0500CF0DA8 /* CoreGraphics.framework in Frameworks */ = {isa = PBXBuildFile; fileRef = 46EEED8B1734FB0500CF0DA8 /* CoreGraphics.framework */; };
		46EEED921734FB0500CF0DA8 /* InfoPlist.strings in Resources */ = {isa = PBXBuildFile; fileRef = 46EEED901734FB0500CF0DA8 /* InfoPlist.strings */; };
		46EEED941734FB0500CF0DA8 /* main.m in Sources */ = {isa = PBXBuildFile; fileRef = 46EEED931734FB0500CF0DA8 /* main.m */; };
		46EEED981734FB0500CF0DA8 /* AppDelegate.m in Sources */ = {isa = PBXBuildFile; fileRef = 46EEED971734FB0500CF0DA8 /* AppDelegate.m */; };
		46EEED9A1734FB0500CF0DA8 /* Default.png in Resources */ = {isa = PBXBuildFile; fileRef = 46EEED991734FB0500CF0DA8 /* Default.png */; };
		46EEED9C1734FB0500CF0DA8 /* Default@2x.png in Resources */ = {isa = PBXBuildFile; fileRef = 46EEED9B1734FB0500CF0DA8 /* Default@2x.png */; };
		46EEED9E1734FB0500CF0DA8 /* Default-568h@2x.png in Resources */ = {isa = PBXBuildFile; fileRef = 46EEED9D1734FB0500CF0DA8 /* Default-568h@2x.png */; };
		46EEEDA11734FB0500CF0DA8 /* ViewController.m in Sources */ = {isa = PBXBuildFile; fileRef = 46EEEDA01734FB0500CF0DA8 /* ViewController.m */; };
		46EEEDA41734FB0500CF0DA8 /* ViewController.xib in Resources */ = {isa = PBXBuildFile; fileRef = 46EEEDA21734FB0500CF0DA8 /* ViewController.xib */; };
/* End PBXBuildFile section */

/* Begin PBXFileReference section */
		46EEED841734FB0500CF0DA8 /* testAdd.app */ = {isa = PBXFileReference; explicitFileType = wrapper.application; includeInIndex = 0; path = testAdd.app; sourceTree = BUILT_PRODUCTS_DIR; };
		46EEED871734FB0500CF0DA8 /* UIKit.framework */ = {isa = PBXFileReference; lastKnownFileType = wrapper.framework; name = UIKit.framework; path = System/Library/Frameworks/UIKit.framework; sourceTree = SDKROOT; };
		46EEED891734FB0500CF0DA8 /* Foundation.framework */ = {isa = PBXFileReference; lastKnownFileType = wrapper.framework; name = Foundation.framework; path = System/Library/Frameworks/Foundation.framework; sourceTree = SDKROOT; };
		46EEED8B1734FB0500CF0DA8 /* CoreGraphics.framework */ = {isa = PBXFileReference; lastKnownFileType = wrapper.framework; name = CoreGraphics.framework; path = System/Library/Frameworks/CoreGraphics.framework; sourceTree = SDKROOT; };
		46EEED8F1734FB0500CF0DA8 /* testAdd-Info.plist */ = {isa = PBXFileReference; lastKnownFileType = text.plist.xml; path = "testAdd-Info.plist"; sourceTree = "<group>"; };
		46EEED911734FB0500CF0DA8 /* en */ = {isa = PBXFileReference; lastKnownFileType = text.plist.strings; name = en; path = en.lproj/InfoPlist.strings; sourceTree = "<group>"; };
		46EEED931734FB0500CF0DA8 /* main.m */ = {isa = PBXFileReference; lastKnownFileType = sourcecode.c.objc; path = main.m; sourceTree = "<group>"; };
		46EEED951734FB0500CF0DA8 /* testAdd-Prefix.pch */ = {isa = PBXFileReference; lastKnownFileType = sourcecode.c.h; path = "testAdd-Prefix.pch"; sourceTree = "<group>"; };
		46EEED961734FB0500CF0DA8 /* AppDelegate.h */ = {isa = PBXFileReference; lastKnownFileType = sourcecode.c.h; path = AppDelegate.h; sourceTree = "<group>"; };
		46EEED971734FB0500CF0DA8 /* AppDelegate.m */ = {isa = PBXFileReference; lastKnownFileType = sourcecode.c.objc; path = AppDelegate.m; sourceTree = "<group>"; };
		46EEED991734FB0500CF0DA8 /* Default.png */ = {isa = PBXFileReference; lastKnownFileType = image.png; path = Default.png; sourceTree = "<group>"; };
		46EEED9B1734FB0500CF0DA8 /* Default@2x.png */ = {isa = PBXFileReference; lastKnownFileType = image.png; path = "Default@2x.png"; sourceTree = "<group>"; };
		46EEED9D1734FB0500CF0DA8 /* Default-568h@2x.png */ = {isa = PBXFileReference; lastKnownFileType = image.png; path = "Default-568h@2x.png"; sourceTree = "<group>"; };
		46EEED9F1734FB0500CF0DA8 /* ViewController.h */ = {isa = PBXFileReference; lastKnownFileType = sourcecode.c.h; path = ViewController.h; sourceTree = "<group>"; };
		46EEEDA01734FB0500CF0DA8 /* ViewController.m */ = {isa = PBXFileReference; lastKnownFileType = sourcecode.c.objc; path = ViewController.m; sourceTree = "<group>"; };
		46EEEDA31734FB0500CF0DA8 /* en */ = {isa = PBXFileReference; lastKnownFileType = file.xib; name = en; path = en.lproj/ViewController.xib; sourceTree = "<group>"; };
/* End PBXFileReference section */

/* Begin PBXFrameworksBuildPhase section */
		46EEED811734FB0500CF0DA8 /* Frameworks */ = {
			isa = PBXFrameworksBuildPhase;
			buildActionMask = 2147483647;
			files = (
				46EEED881734FB0500CF0DA8 /* UIKit.framework in Frameworks */,
				46EEED8A1734FB0500CF0DA8 /* Foundation.framework in Frameworks */,
				46EEED8C1734FB0500CF0DA8 /* CoreGraphics.framework in Frameworks */,
			);
			runOnlyForDeploymentPostprocessing = 0;
		};
/* End PBXFrameworksBuildPhase section */

/* Begin PBXGroup section */
		46EEED7B1734FB0500CF0DA8 = {
			isa = PBXGroup;
			children = (
				46EEED8D1734FB0500CF0DA8 /* testAdd */,
				46EEED861734FB0500CF0DA8 /* Frameworks */,
				46EEED851734FB0500CF0DA8 /* Products */,
			);
			sourceTree = "<group>";
		};
		46EEED851734FB0500CF0DA8 /* Products */ = {
			isa = PBXGroup;
			children = (
				46EEED841734FB0500CF0DA8 /* testAdd.app */,
			);
			name = Products;
			sourceTree = "<group>";
		};
		46EEED861734FB0500CF0DA8 /* Frameworks */ = {
			isa = PBXGroup;
			children = (
				46EEED871734FB0500CF0DA8 /* UIKit.framework */,
				46EEED891734FB0500CF0DA8 /* Foundation.framework */,
				46EEED8B1734FB0500CF0DA8 /* CoreGraphics.framework */,
			);
			name = Frameworks;
			sourceTree = "<group>";
		};
		46EEED8D1734FB0500CF0DA8 /* testAdd */ = {
			isa = PBXGroup;
			children = (
				46EEED961734FB0500CF0DA8 /* AppDelegate.h */,
				46EEED971734FB0500CF0DA8 /* AppDelegate.m */,
				46EEED9F1734FB0500CF0DA8 /* ViewController.h */,
				46EEEDA01734FB0500CF0DA8 /* ViewController.m */,
				46EEEDA21734FB0500CF0DA8 /* ViewController.xib */,
				46EEED8E1734FB0500CF0DA8 /* Supporting Files */,
			);
			path = testAdd;
			sourceTree = "<group>";
		};
		46EEED8E1734FB0500CF0DA8 /* Supporting Files */ = {
			isa = PBXGroup;
			children = (
				46EEED8F1734FB0500CF0DA8 /* testAdd-Info.plist */,
				46EEED901734FB0500CF0DA8 /* InfoPlist.strings */,
				46EEED931734FB0500CF0DA8 /* main.m */,
				46EEED951734FB0500CF0DA8 /* testAdd-Prefix.pch */,
				46EEED991734FB0500CF0DA8 /* Default.png */,
				46EEED9B1734FB0500CF0DA8 /* Default@2x.png */,
				46EEED9D1734FB0500CF0DA8 /* Default-568h@2x.png */,
			);
			name = "Supporting Files";
			sourceTree = "<group>";
		};
/* End PBXGroup section */

/* Begin PBXNativeTarget section */
		46EEED831734FB0500CF0DA8 /* testAdd */ = {
			isa = PBXNativeTarget;
			buildConfigurationList = 46EEEDA71734FB0500CF0DA8 /* Build configuration list for PBXNativeTarget "testAdd" */;
			buildPhases = (
				46EEED801734FB0500CF0DA8 /* Sources */,
				46EEED811734FB0500CF0DA8 /* Frameworks */,
				46EEED821734FB0500CF0DA8 /* Resources */,
			);
			buildRules = (
			);
			dependencies = (
			);
			name = testAdd;
			productName = testAdd;
			productReference = 46EEED841734FB0500CF0DA8 /* testAdd.app */;
			productType = "com.apple.product-type.application";
		};
/* End PBXNativeTarget section */

/* Begin PBXProject section */
		46EEED7C1734FB0500CF0DA8 /* Project object */ = {
			isa = PBXProject;
			attributes = {
				LastUpgradeCheck = 0460;
				ORGANIZATIONNAME = maimaicha;
			};
			buildConfigurationList = 46EEED7F1734FB0500CF0DA8 /* Build configuration list for PBXProject "testAdd" */;
			compatibilityVersion = "Xcode 3.2";
			developmentRegion = English;
			hasScannedForEncodings = 0;
			knownRegions = (
				en,
			);
			mainGroup = 46EEED7B1734FB0500CF0DA8;
			productRefGroup = 46EEED851734FB0500CF0DA8 /* Products */;
			projectDirPath = "";
			projectRoot = "";
			targets = (
				46EEED831734FB0500CF0DA8 /* testAdd */,
			);
		};
/* End PBXProject section */

/* Begin PBXResourcesBuildPhase section */
		46EEED821734FB0500CF0DA8 /* Resources */ = {
			isa = PBXResourcesBuildPhase;
			buildActionMask = 2147483647;
			files = (
				46EEED921734FB0500CF0DA8 /* InfoPlist.strings in Resources */,
				46EEED9A1734FB0500CF0DA8 /* Default.png in Resources */,
				46EEED9C1734FB0500CF0DA8 /* Default@2x.png in Resources */,
				46EEED9E1734FB0500CF0DA8 /* Default-568h@2x.png in Resources */,
				46EEEDA41734FB0500CF0DA8 /* ViewController.xib in Resources */,
			);
			runOnlyForDeploymentPostprocessing = 0;
		};
/* End PBXResourcesBuildPhase section */

/* Begin PBXSourcesBuildPhase section */
		46EEED801734FB0500CF0DA8 /* Sources */ = {
			isa = PBXSourcesBuildPhase;
			buildActionMask = 2147483647;
			files = (
				46EEED941734FB0500CF0DA8 /* main.m in Sources */,
				46EEED981734FB0500CF0DA8 /* AppDelegate.m in Sources */,
				46EEEDA11734FB0500CF0DA8 /* ViewController.m in Sources */,
			);
			runOnlyForDeploymentPostprocessing = 0;
		};
/* End PBXSourcesBuildPhase section */

/* Begin PBXVariantGroup section */
		46EEED901734FB0500CF0DA8 /* InfoPlist.strings */ = {
			isa = PBXVariantGroup;
			children = (
				46EEED911734FB0500CF0DA8 /* en */,
			);
			name = InfoPlist.strings;
			sourceTree = "<group>";
		};
		46EEEDA21734FB0500CF0DA8 /* ViewController.xib */ = {
			isa = PBXVariantGroup;
			children = (
				46EEEDA31734FB0500CF0DA8 /* en */,
			);
			name = ViewController.xib;
			sourceTree = "<group>";
		};
/* End PBXVariantGroup section */

/* Begin XCBuildConfiguration section */
		46EEEDA51734FB0500CF0DA8 /* Debug */ = {
			isa = XCBuildConfiguration;
			buildSettings = {
				ALWAYS_SEARCH_USER_PATHS = NO;
				CLANG_CXX_LANGUAGE_STANDARD = "gnu++0x";
				CLANG_CXX_LIBRARY = "libc++";
				CLANG_ENABLE_OBJC_ARC = YES;
				CLANG_WARN_CONSTANT_CONVERSION = YES;
				CLANG_WARN_EMPTY_BODY = YES;
				CLANG_WARN_ENUM_CONVERSION = YES;
				CLANG_WARN_INT_CONVERSION = YES;
				CLANG_WARN__DUPLICATE_METHOD_MATCH = YES;
				"CODE_SIGN_IDENTITY[sdk=iphoneos*]" = "iPhone Developer";
				COPY_PHASE_STRIP = NO;
				GCC_C_LANGUAGE_STANDARD = gnu99;
				GCC_DYNAMIC_NO_PIC = NO;
				GCC_OPTIMIZATION_LEVEL = 0;
				GCC_PREPROCESSOR_DEFINITIONS = (
					"DEBUG=1",
					"$(inherited)",
				);
				GCC_SYMBOLS_PRIVATE_EXTERN = NO;
				GCC_WARN_ABOUT_RETURN_TYPE = YES;
				GCC_WARN_UNINITIALIZED_AUTOS = YES;
				GCC_WARN_UNUSED_VARIABLE = YES;
				IPHONEOS_DEPLOYMENT_TARGET = 6.1;
				ONLY_ACTIVE_ARCH = YES;
				SDKROOT = iphoneos;
			};
			name = Debug;
		};
		46EEEDA61734FB0500CF0DA8 /* Release */ = {
			isa = XCBuildConfiguration;
			buildSettings = {
				ALWAYS_SEARCH_USER_PATHS = NO;
				CLANG_CXX_LANGUAGE_STANDARD = "gnu++0x";
				CLANG_CXX_LIBRARY = "libc++";
				CLANG_ENABLE_OBJC_ARC = YES;
				CLANG_WARN_CONSTANT_CONVERSION = YES;
				CLANG_WARN_EMPTY_BODY = YES;
				CLANG_WARN_ENUM_CONVERSION = YES;
				CLANG_WARN_INT_CONVERSION = YES;
				CLANG_WARN__DUPLICATE_METHOD_MATCH = YES;
				"CODE_SIGN_IDENTITY[sdk=iphoneos*]" = "iPhone Developer";
				COPY_PHASE_STRIP = YES;
				GCC_C_LANGUAGE_STANDARD = gnu99;
				GCC_WARN_ABOUT_RETURN_TYPE = YES;
				GCC_WARN_UNINITIALIZED_AUTOS = YES;
				GCC_WARN_UNUSED_VARIABLE = YES;
				IPHONEOS_DEPLOYMENT_TARGET = 6.1;
				OTHER_CFLAGS = "-DNS_BLOCK_ASSERTIONS=1";
				SDKROOT = iphoneos;
				VALIDATE_PRODUCT = YES;
			};
			name = Release;
		};
		46EEEDA81734FB0500CF0DA8 /* Debug */ = {
			isa = XCBuildConfiguration;
			buildSettings = {
				GCC_PRECOMPILE_PREFIX_HEADER = YES;
				GCC_PREFIX_HEADER = "testAdd/testAdd-Prefix.pch";
				INFOPLIST_FILE = "testAdd/testAdd-Info.plist";
				PRODUCT_NAME = "$(TARGET_NAME)";
				WRAPPER_EXTENSION = app;
			};
			name = Debug;
		};
		46EEEDA91734FB0500CF0DA8 /* Release */ = {
			isa = XCBuildConfiguration;
			buildSettings = {
				GCC_PRECOMPILE_PREFIX_HEADER = YES;
				GCC_PREFIX_HEADER = "testAdd/testAdd-Prefix.pch";
				INFOPLIST_FILE = "testAdd/testAdd-Info.plist";
				PRODUCT_NAME = "$(TARGET_NAME)";
				WRAPPER_EXTENSION = app;
			};
			name = Release;
		};
/* End XCBuildConfiguration section */

/* Begin XCConfigurationList section */
		46EEED7F1734FB0500CF0DA8 /* Build configuration list for PBXProject "testAdd" */ = {
			isa = XCConfigurationList;
			buildConfigurations = (
				46EEEDA51734FB0500CF0DA8 /* Debug */,
				46EEEDA61734FB0500CF0DA8 /* Release */,
			);
			defaultConfigurationIsVisible = 0;
			defaultConfigurationName = Release;
		};
		46EEEDA71734FB0500CF0DA8 /* Build configuration list for PBXNativeTarget "testAdd" */ = {
			isa = XCConfigurationList;
			buildConfigurations = (
				46EEEDA81734FB0500CF0DA8 /* Debug */,
				46EEEDA91734FB0500CF0DA8 /* Release */,
			);
			defaultConfigurationIsVisible = 0;
		};
/* End XCConfigurationList section */
	};
	rootObject = 46EEED7C1734FB0500CF0DA8 /* Project object */;
}
